
Microsoft Visual Studio Solution File, Format Version 12.00
# Visual Studio Version 17
VisualStudioVersion = 17.14.36518.9
MinimumVisualStudioVersion = 10.0.40219.1
Project("{FAE04EC0-301F-11D3-BF4B-00C04F79EFBC}") = "Reszveny", "Reszveny\Reszveny.csproj", "{7605260B-B91C-4DEE-B2FC-D94A456728DF}"
EndProject
Project("{FAE04EC0-301F-11D3-BF4B-00C04F79EFBC}") = "Dog", "nem\Dog.csproj", "{129124A9-5A9B-41A3-AD7A-0E1702F27E37}"
EndProject
Project("{FAE04EC0-301F-11D3-BF4B-00C04F79EFBC}") = "Alakzatok", "Alakzatok\Alakzatok.csproj", "{966039D5-CA74-4443-AF57-34B4C1E35728}"
EndProject
Global
	GlobalSection(SolutionConfigurationPlatforms) = preSolution
		Debug|Any CPU = Debug|Any CPU
		Release|Any CPU = Release|Any CPU
	EndGlobalSection
	GlobalSection(ProjectConfigurationPlatforms) = postSolution
		{7605260B-B91C-4DEE-B2FC-D94A456728DF}.Debug|Any CPU.ActiveCfg = Debug|Any CPU
		{7605260B-B91C-4DEE-B2FC-D94A456728DF}.Debug|Any CPU.Build.0 = Debug|Any CPU
		{7605260B-B91C-4DEE-B2FC-D94A456728DF}.Release|Any CPU.ActiveCfg = Release|Any CPU
		{7605260B-B91C-4DEE-B2FC-D94A456728DF}.Release|Any CPU.Build.0 = Release|Any CPU
		{129124A9-5A9B-41A3-AD7A-0E1702F27E37}.Debug|Any CPU.ActiveCfg = Debug|Any CPU
		{129124A9-5A9B-41A3-AD7A-0E1702F27E37}.Debug|Any CPU.Build.0 = Debug|Any CPU
		{129124A9-5A9B-41A3-AD7A-0E1702F27E37}.Release|Any CPU.ActiveCfg = Release|Any CPU
		{129124A9-5A9B-41A3-AD7A-0E1702F27E37}.Release|Any CPU.Build.0 = Release|Any CPU
		{966039D5-CA74-4443-AF57-34B4C1E35728}.Debug|Any CPU.ActiveCfg = Debug|Any CPU
		{966039D5-CA74-4443-AF57-34B4C1E35728}.Debug|Any CPU.Build.0 = Debug|Any CPU
		{966039D5-CA74-4443-AF57-34B4C1E35728}.Release|Any CPU.ActiveCfg = Release|Any CPU
		{966039D5-CA74-4443-AF57-34B4C1E35728}.Release|Any CPU.Build.0 = Release|Any CPU
	EndGlobalSection
	GlobalSection(SolutionProperties) = preSolution
		HideSolutionNode = FALSE
	EndGlobalSection
	GlobalSection(ExtensibilityGlobals) = postSolution
		SolutionGuid = {A5DB46EF-26DB-4D3F-80DB-BA6D33DA1B12}
	EndGlobalSection
EndGlobal
