
Microsoft Visual Studio Solution File, Format Version 12.00
# Visual Studio Version 17
VisualStudioVersion = 17.14.36518.9 d17.14
MinimumVisualStudioVersion = 10.0.40219.1
Project("{FAE04EC0-301F-11D3-BF4B-00C04F79EFBC}") = "Feladat1", "Feladat1\Feladat1.csproj", "{58180B9A-CA8E-4258-9785-D1EB16640415}"
EndProject
Project("{FAE04EC0-301F-11D3-BF4B-00C04F79EFBC}") = "Feladat2", "Feladat2\Feladat2.csproj", "{09CC9D7A-ECE7-41E9-8D3E-04A3DA7DDF18}"
EndProject
Global
	GlobalSection(SolutionConfigurationPlatforms) = preSolution
		Debug|Any CPU = Debug|Any CPU
		Release|Any CPU = Release|Any CPU
	EndGlobalSection
	GlobalSection(ProjectConfigurationPlatforms) = postSolution
		{58180B9A-CA8E-4258-9785-D1EB16640415}.Debug|Any CPU.ActiveCfg = Debug|Any CPU
		{58180B9A-CA8E-4258-9785-D1EB16640415}.Debug|Any CPU.Build.0 = Debug|Any CPU
		{58180B9A-CA8E-4258-9785-D1EB16640415}.Release|Any CPU.ActiveCfg = Release|Any CPU
		{58180B9A-CA8E-4258-9785-D1EB16640415}.Release|Any CPU.Build.0 = Release|Any CPU
		{09CC9D7A-ECE7-41E9-8D3E-04A3DA7DDF18}.Debug|Any CPU.ActiveCfg = Debug|Any CPU
		{09CC9D7A-ECE7-41E9-8D3E-04A3DA7DDF18}.Debug|Any CPU.Build.0 = Debug|Any CPU
		{09CC9D7A-ECE7-41E9-8D3E-04A3DA7DDF18}.Release|Any CPU.ActiveCfg = Release|Any CPU
		{09CC9D7A-ECE7-41E9-8D3E-04A3DA7DDF18}.Release|Any CPU.Build.0 = Release|Any CPU
	EndGlobalSection
	GlobalSection(SolutionProperties) = preSolution
		HideSolutionNode = FALSE
	EndGlobalSection
	GlobalSection(ExtensibilityGlobals) = postSolution
		SolutionGuid = {3A0C0C9E-309D-446F-8302-47B50118AC43}
	EndGlobalSection
EndGlobal
