
Microsoft Visual Studio Solution File, Format Version 12.00
# Visual Studio Version 17
VisualStudioVersion = 17.14.36518.9
MinimumVisualStudioVersion = 10.0.40219.1
Project("{FAE04EC0-301F-11D3-BF4B-00C04F79EFBC}") = "DiagramApp2", "DiagramApp2\DiagramApp2.csproj", "{1EE51019-1543-4FC5-8E9D-FCC336005524}"
EndProject
Project("{FAE04EC0-301F-11D3-BF4B-00C04F79EFBC}") = "DataGrid2", "DataGrid2\DataGrid2.csproj", "{71CA2184-733A-4815-BAC1-5791E7B401EE}"
EndProject
Global
	GlobalSection(SolutionConfigurationPlatforms) = preSolution
		Debug|Any CPU = Debug|Any CPU
		Release|Any CPU = Release|Any CPU
	EndGlobalSection
	GlobalSection(ProjectConfigurationPlatforms) = postSolution
		{1EE51019-1543-4FC5-8E9D-FCC336005524}.Debug|Any CPU.ActiveCfg = Debug|Any CPU
		{1EE51019-1543-4FC5-8E9D-FCC336005524}.Debug|Any CPU.Build.0 = Debug|Any CPU
		{1EE51019-1543-4FC5-8E9D-FCC336005524}.Release|Any CPU.ActiveCfg = Release|Any CPU
		{1EE51019-1543-4FC5-8E9D-FCC336005524}.Release|Any CPU.Build.0 = Release|Any CPU
		{71CA2184-733A-4815-BAC1-5791E7B401EE}.Debug|Any CPU.ActiveCfg = Debug|Any CPU
		{71CA2184-733A-4815-BAC1-5791E7B401EE}.Debug|Any CPU.Build.0 = Debug|Any CPU
		{71CA2184-733A-4815-BAC1-5791E7B401EE}.Release|Any CPU.ActiveCfg = Release|Any CPU
		{71CA2184-733A-4815-BAC1-5791E7B401EE}.Release|Any CPU.Build.0 = Release|Any CPU
	EndGlobalSection
	GlobalSection(SolutionProperties) = preSolution
		HideSolutionNode = FALSE
	EndGlobalSection
	GlobalSection(ExtensibilityGlobals) = postSolution
		SolutionGuid = {B6DA78CA-440C-410A-83CB-5D98A739FDB2}
	EndGlobalSection
EndGlobal
